
Microsoft Visual Studio Solution File, Format Version 12.00
# Visual Studio Version 16
VisualStudioVersion = 16.0.30309.148
MinimumVisualStudioVersion = 10.0.40219.1
Project("{FAE04EC0-301F-11D3-BF4B-00C04F79EFBC}") = "Company_broker_OData_Api", "Company_broker_OData_Api\Company_broker_OData_Api.csproj", "{D3BBBC81-5FA4-444B-9B8B-BE1C4D6C4899}"
EndProject
Project("{FAE04EC0-301F-11D3-BF4B-00C04F79EFBC}") = "CompanyBroker_DBS", "CompanyBroker_DBS\CompanyBroker_DBS.csproj", "{B15202C9-2D6B-4D4B-AEC8-A73DA252AE44}"
EndProject
Global
	GlobalSection(SolutionConfigurationPlatforms) = preSolution
		Debug|Any CPU = Debug|Any CPU
		Release|Any CPU = Release|Any CPU
	EndGlobalSection
	GlobalSection(ProjectConfigurationPlatforms) = postSolution
		{D3BBBC81-5FA4-444B-9B8B-BE1C4D6C4899}.Debug|Any CPU.ActiveCfg = Debug|Any CPU
		{D3BBBC81-5FA4-444B-9B8B-BE1C4D6C4899}.Debug|Any CPU.Build.0 = Debug|Any CPU
		{D3BBBC81-5FA4-444B-9B8B-BE1C4D6C4899}.Release|Any CPU.ActiveCfg = Release|Any CPU
		{D3BBBC81-5FA4-444B-9B8B-BE1C4D6C4899}.Release|Any CPU.Build.0 = Release|Any CPU
		{B15202C9-2D6B-4D4B-AEC8-A73DA252AE44}.Debug|Any CPU.ActiveCfg = Debug|Any CPU
		{B15202C9-2D6B-4D4B-AEC8-A73DA252AE44}.Debug|Any CPU.Build.0 = Debug|Any CPU
		{B15202C9-2D6B-4D4B-AEC8-A73DA252AE44}.Release|Any CPU.ActiveCfg = Release|Any CPU
		{B15202C9-2D6B-4D4B-AEC8-A73DA252AE44}.Release|Any CPU.Build.0 = Release|Any CPU
	EndGlobalSection
	GlobalSection(SolutionProperties) = preSolution
		HideSolutionNode = FALSE
	EndGlobalSection
	GlobalSection(ExtensibilityGlobals) = postSolution
		SolutionGuid = {B992D236-AC48-46BE-A629-958190B8E259}
	EndGlobalSection
EndGlobal
